
Microsoft Visual Studio Solution File, Format Version 12.00
# Visual Studio Version 16
VisualStudioVersion = 16.0.30114.105
MinimumVisualStudioVersion = 10.0.40219.1
Project("{FAE04EC0-301F-11D3-BF4B-00C04F79EFBC}") = "Jsonyte.AspNetCore", "src\Jsonyte.AspNetCore\Jsonyte.AspNetCore.csproj", "{5B9871CD-ECAE-429B-8EE3-16036E45F016}"
EndProject
Project("{FAE04EC0-301F-11D3-BF4B-00C04F79EFBC}") = "Jsonyte.AspNetCore.Tests", "src\Jsonyte.AspNetCore.Tests\Jsonyte.AspNetCore.Tests.csproj", "{AB921C70-1BE4-416A-BA42-ABCBD2C08347}"
EndProject
Global
	GlobalSection(SolutionConfigurationPlatforms) = preSolution
		Debug|Any CPU = Debug|Any CPU
		Debug|x64 = Debug|x64
		Debug|x86 = Debug|x86
		Release|Any CPU = Release|Any CPU
		Release|x64 = Release|x64
		Release|x86 = Release|x86
	EndGlobalSection
	GlobalSection(ProjectConfigurationPlatforms) = postSolution
		{5B9871CD-ECAE-429B-8EE3-16036E45F016}.Debug|Any CPU.ActiveCfg = Debug|Any CPU
		{5B9871CD-ECAE-429B-8EE3-16036E45F016}.Debug|Any CPU.Build.0 = Debug|Any CPU
		{5B9871CD-ECAE-429B-8EE3-16036E45F016}.Debug|x64.ActiveCfg = Debug|Any CPU
		{5B9871CD-ECAE-429B-8EE3-16036E45F016}.Debug|x64.Build.0 = Debug|Any CPU
		{5B9871CD-ECAE-429B-8EE3-16036E45F016}.Debug|x86.ActiveCfg = Debug|Any CPU
		{5B9871CD-ECAE-429B-8EE3-16036E45F016}.Debug|x86.Build.0 = Debug|Any CPU
		{5B9871CD-ECAE-429B-8EE3-16036E45F016}.Release|Any CPU.ActiveCfg = Release|Any CPU
		{5B9871CD-ECAE-429B-8EE3-16036E45F016}.Release|Any CPU.Build.0 = Release|Any CPU
		{5B9871CD-ECAE-429B-8EE3-16036E45F016}.Release|x64.ActiveCfg = Release|Any CPU
		{5B9871CD-ECAE-429B-8EE3-16036E45F016}.Release|x64.Build.0 = Release|Any CPU
		{5B9871CD-ECAE-429B-8EE3-16036E45F016}.Release|x86.ActiveCfg = Release|Any CPU
		{5B9871CD-ECAE-429B-8EE3-16036E45F016}.Release|x86.Build.0 = Release|Any CPU
		{AB921C70-1BE4-416A-BA42-ABCBD2C08347}.Debug|Any CPU.ActiveCfg = Debug|Any CPU
		{AB921C70-1BE4-416A-BA42-ABCBD2C08347}.Debug|Any CPU.Build.0 = Debug|Any CPU
		{AB921C70-1BE4-416A-BA42-ABCBD2C08347}.Debug|x64.ActiveCfg = Debug|Any CPU
		{AB921C70-1BE4-416A-BA42-ABCBD2C08347}.Debug|x64.Build.0 = Debug|Any CPU
		{AB921C70-1BE4-416A-BA42-ABCBD2C08347}.Debug|x86.ActiveCfg = Debug|Any CPU
		{AB921C70-1BE4-416A-BA42-ABCBD2C08347}.Debug|x86.Build.0 = Debug|Any CPU
		{AB921C70-1BE4-416A-BA42-ABCBD2C08347}.Release|Any CPU.ActiveCfg = Release|Any CPU
		{AB921C70-1BE4-416A-BA42-ABCBD2C08347}.Release|Any CPU.Build.0 = Release|Any CPU
		{AB921C70-1BE4-416A-BA42-ABCBD2C08347}.Release|x64.ActiveCfg = Release|Any CPU
		{AB921C70-1BE4-416A-BA42-ABCBD2C08347}.Release|x64.Build.0 = Release|Any CPU
		{AB921C70-1BE4-416A-BA42-ABCBD2C08347}.Release|x86.ActiveCfg = Release|Any CPU
		{AB921C70-1BE4-416A-BA42-ABCBD2C08347}.Release|x86.Build.0 = Release|Any CPU
	EndGlobalSection
	GlobalSection(SolutionProperties) = preSolution
		HideSolutionNode = FALSE
	EndGlobalSection
	GlobalSection(ExtensibilityGlobals) = postSolution
		SolutionGuid = {81BE56A8-0828-42A5-A590-3430C561A7D6}
	EndGlobalSection
EndGlobal
